
Microsoft Visual Studio Solution File, Format Version 12.00
# Visual Studio Version 16
VisualStudioVersion = 16.0.29920.165
MinimumVisualStudioVersion = 10.0.40219.1
Project("{9A19103F-16F7-4668-BE54-9A1E7A4F7556}") = "nibTechChallenge.API", "nibTechChallenge\nibTechChallenge.API.csproj", "{2E8760DB-E25D-4F90-85E2-609B4BC66F18}"
EndProject
Project("{9A19103F-16F7-4668-BE54-9A1E7A4F7556}") = "nibTechChallenge.Domain", "nibTechChallenge.Domain\nibTechChallenge.Domain.csproj", "{02471198-46AB-4309-A165-FD6450FD8400}"
EndProject
Project("{9A19103F-16F7-4668-BE54-9A1E7A4F7556}") = "nibTechChallenge.Service", "nibTechChallenge.Service\nibTechChallenge.Service.csproj", "{5080F4FB-3DF0-4C00-ACE5-AF539629A72C}"
EndProject
Project("{9A19103F-16F7-4668-BE54-9A1E7A4F7556}") = "nibTechChallenge.Repo", "nibTechChallenge.Repo\nibTechChallenge.Repo.csproj", "{E9D74E06-9028-4373-9E5E-44FBD591864A}"
EndProject
Project("{9A19103F-16F7-4668-BE54-9A1E7A4F7556}") = "nibTechChallenge.DTO", "nibTechChallenge.DTO\nibTechChallenge.DTO.csproj", "{BCDD1413-7ADF-48E0-8990-9E3C20B8805A}"
EndProject
Project("{FAE04EC0-301F-11D3-BF4B-00C04F79EFBC}") = "nibTechChallenge.Test", "nibTechChallenge.Test\nibTechChallenge.Test.csproj", "{D2FCEA64-6D64-4304-870F-724A429FA54A}"
EndProject
Global
	GlobalSection(SolutionConfigurationPlatforms) = preSolution
		Debug|Any CPU = Debug|Any CPU
		Release|Any CPU = Release|Any CPU
	EndGlobalSection
	GlobalSection(ProjectConfigurationPlatforms) = postSolution
		{2E8760DB-E25D-4F90-85E2-609B4BC66F18}.Debug|Any CPU.ActiveCfg = Debug|Any CPU
		{2E8760DB-E25D-4F90-85E2-609B4BC66F18}.Debug|Any CPU.Build.0 = Debug|Any CPU
		{2E8760DB-E25D-4F90-85E2-609B4BC66F18}.Release|Any CPU.ActiveCfg = Release|Any CPU
		{2E8760DB-E25D-4F90-85E2-609B4BC66F18}.Release|Any CPU.Build.0 = Release|Any CPU
		{02471198-46AB-4309-A165-FD6450FD8400}.Debug|Any CPU.ActiveCfg = Debug|Any CPU
		{02471198-46AB-4309-A165-FD6450FD8400}.Debug|Any CPU.Build.0 = Debug|Any CPU
		{02471198-46AB-4309-A165-FD6450FD8400}.Release|Any CPU.ActiveCfg = Release|Any CPU
		{02471198-46AB-4309-A165-FD6450FD8400}.Release|Any CPU.Build.0 = Release|Any CPU
		{5080F4FB-3DF0-4C00-ACE5-AF539629A72C}.Debug|Any CPU.ActiveCfg = Debug|Any CPU
		{5080F4FB-3DF0-4C00-ACE5-AF539629A72C}.Debug|Any CPU.Build.0 = Debug|Any CPU
		{5080F4FB-3DF0-4C00-ACE5-AF539629A72C}.Release|Any CPU.ActiveCfg = Release|Any CPU
		{5080F4FB-3DF0-4C00-ACE5-AF539629A72C}.Release|Any CPU.Build.0 = Release|Any CPU
		{E9D74E06-9028-4373-9E5E-44FBD591864A}.Debug|Any CPU.ActiveCfg = Debug|Any CPU
		{E9D74E06-9028-4373-9E5E-44FBD591864A}.Debug|Any CPU.Build.0 = Debug|Any CPU
		{E9D74E06-9028-4373-9E5E-44FBD591864A}.Release|Any CPU.ActiveCfg = Release|Any CPU
		{E9D74E06-9028-4373-9E5E-44FBD591864A}.Release|Any CPU.Build.0 = Release|Any CPU
		{BCDD1413-7ADF-48E0-8990-9E3C20B8805A}.Debug|Any CPU.ActiveCfg = Debug|Any CPU
		{BCDD1413-7ADF-48E0-8990-9E3C20B8805A}.Debug|Any CPU.Build.0 = Debug|Any CPU
		{BCDD1413-7ADF-48E0-8990-9E3C20B8805A}.Release|Any CPU.ActiveCfg = Release|Any CPU
		{BCDD1413-7ADF-48E0-8990-9E3C20B8805A}.Release|Any CPU.Build.0 = Release|Any CPU
		{D2FCEA64-6D64-4304-870F-724A429FA54A}.Debug|Any CPU.ActiveCfg = Debug|Any CPU
		{D2FCEA64-6D64-4304-870F-724A429FA54A}.Debug|Any CPU.Build.0 = Debug|Any CPU
		{D2FCEA64-6D64-4304-870F-724A429FA54A}.Release|Any CPU.ActiveCfg = Release|Any CPU
		{D2FCEA64-6D64-4304-870F-724A429FA54A}.Release|Any CPU.Build.0 = Release|Any CPU
	EndGlobalSection
	GlobalSection(SolutionProperties) = preSolution
		HideSolutionNode = FALSE
	EndGlobalSection
	GlobalSection(ExtensibilityGlobals) = postSolution
		SolutionGuid = {AC82C42D-04DC-4A36-A307-AC76F9E88F13}
	EndGlobalSection
EndGlobal
